
Microsoft Visual Studio Solution File, Format Version 12.00
# Visual Studio 2015
Project("{FAE04EC0-301F-11D3-BF4B-00C04F79EFBC}") = "PewPew.CSharp.Plugins", "PewPew.CSharp.Plugins.csproj", "{3AEDF4D3-0C02-6D04-EB14-9C4358787E6D}"
EndProject
Project("{FAE04EC0-301F-11D3-BF4B-00C04F79EFBC}") = "PewPew.CSharp", "PewPew.CSharp.csproj", "{4B794E69-F056-5129-C6EC-42574E507041}"
EndProject
Project("{FAE04EC0-301F-11D3-BF4B-00C04F79EFBC}") = "PewPew.CSharp.Editor", "PewPew.CSharp.Editor.csproj", "{739E85EE-972F-6D0D-D357-3AC13009F361}"
EndProject
Global
	GlobalSection(SolutionConfigurationPlatforms) = preSolution
		Debug|Any CPU = Debug|Any CPU
		Release|Any CPU = Release|Any CPU
	EndGlobalSection
	GlobalSection(ProjectConfigurationPlatforms) = postSolution
		{3AEDF4D3-0C02-6D04-EB14-9C4358787E6D}.Debug|Any CPU.ActiveCfg = Debug|Any CPU
		{3AEDF4D3-0C02-6D04-EB14-9C4358787E6D}.Debug|Any CPU.Build.0 = Debug|Any CPU
		{3AEDF4D3-0C02-6D04-EB14-9C4358787E6D}.Release|Any CPU.ActiveCfg = Release|Any CPU
		{3AEDF4D3-0C02-6D04-EB14-9C4358787E6D}.Release|Any CPU.Build.0 = Release|Any CPU
		{4B794E69-F056-5129-C6EC-42574E507041}.Debug|Any CPU.ActiveCfg = Debug|Any CPU
		{4B794E69-F056-5129-C6EC-42574E507041}.Debug|Any CPU.Build.0 = Debug|Any CPU
		{4B794E69-F056-5129-C6EC-42574E507041}.Release|Any CPU.ActiveCfg = Release|Any CPU
		{4B794E69-F056-5129-C6EC-42574E507041}.Release|Any CPU.Build.0 = Release|Any CPU
		{739E85EE-972F-6D0D-D357-3AC13009F361}.Debug|Any CPU.ActiveCfg = Debug|Any CPU
		{739E85EE-972F-6D0D-D357-3AC13009F361}.Debug|Any CPU.Build.0 = Debug|Any CPU
		{739E85EE-972F-6D0D-D357-3AC13009F361}.Release|Any CPU.ActiveCfg = Release|Any CPU
		{739E85EE-972F-6D0D-D357-3AC13009F361}.Release|Any CPU.Build.0 = Release|Any CPU
	EndGlobalSection
	GlobalSection(SolutionProperties) = preSolution
		HideSolutionNode = FALSE
	EndGlobalSection
EndGlobal
